
Microsoft Visual Studio Solution File, Format Version 12.00
# Visual Studio Version 16
VisualStudioVersion = 16.0.30804.86
MinimumVisualStudioVersion = 10.0.40219.1
Project("{9A19103F-16F7-4668-BE54-9A1E7A4F7556}") = "GetRequiredSectionSample", "GetRequiredSectionSample\GetRequiredSectionSample.csproj", "{997BF6DD-0247-40B6-9FB7-C9B686B70914}"
EndProject
Project("{2150E333-8FDC-42A3-9474-1A3956D46DE8}") = "1 - nuget", "1 - nuget", "{F61C6538-AFAF-46BB-BA7C-02A5533F1496}"
	ProjectSection(SolutionItems) = preProject
		nuget.config = nuget.config
	EndProjectSection
EndProject
Project("{2150E333-8FDC-42A3-9474-1A3956D46DE8}") = "0 - Solution Items", "0 - Solution Items", "{2725BE33-DE10-4494-8FB6-B18EE43B528B}"
EndProject
Global
	GlobalSection(SolutionConfigurationPlatforms) = preSolution
		Debug|Any CPU = Debug|Any CPU
		Release|Any CPU = Release|Any CPU
	EndGlobalSection
	GlobalSection(ProjectConfigurationPlatforms) = postSolution
		{997BF6DD-0247-40B6-9FB7-C9B686B70914}.Debug|Any CPU.ActiveCfg = Debug|Any CPU
		{997BF6DD-0247-40B6-9FB7-C9B686B70914}.Debug|Any CPU.Build.0 = Debug|Any CPU
		{997BF6DD-0247-40B6-9FB7-C9B686B70914}.Release|Any CPU.ActiveCfg = Release|Any CPU
		{997BF6DD-0247-40B6-9FB7-C9B686B70914}.Release|Any CPU.Build.0 = Release|Any CPU
	EndGlobalSection
	GlobalSection(SolutionProperties) = preSolution
		HideSolutionNode = FALSE
	EndGlobalSection
	GlobalSection(ExtensibilityGlobals) = postSolution
		SolutionGuid = {5711A55D-F88E-44FB-8830-0B12ACAD62D8}
	EndGlobalSection
EndGlobal
